
Microsoft Visual Studio Solution File, Format Version 12.00
# Visual Studio Version 17
VisualStudioVersion = 17.3.32825.248
MinimumVisualStudioVersion = 10.0.40219.1
Project("{FAE04EC0-301F-11D3-BF4B-00C04F79EFBC}") = "ConsoleApp1", "ConsoleApp1\ConsoleApp1.csproj", "{35ECC035-4E20-453D-A6A5-AFE23C222B38}"
EndProject
Global
	GlobalSection(SolutionConfigurationPlatforms) = preSolution
		Debug|Any CPU = Debug|Any CPU
		Release|Any CPU = Release|Any CPU
	EndGlobalSection
	GlobalSection(ProjectConfigurationPlatforms) = postSolution
		{35ECC035-4E20-453D-A6A5-AFE23C222B38}.Debug|Any CPU.ActiveCfg = Debug|Any CPU
		{35ECC035-4E20-453D-A6A5-AFE23C222B38}.Debug|Any CPU.Build.0 = Debug|Any CPU
		{35ECC035-4E20-453D-A6A5-AFE23C222B38}.Release|Any CPU.ActiveCfg = Release|Any CPU
		{35ECC035-4E20-453D-A6A5-AFE23C222B38}.Release|Any CPU.Build.0 = Release|Any CPU
	EndGlobalSection
	GlobalSection(SolutionProperties) = preSolution
		HideSolutionNode = FALSE
	EndGlobalSection
	GlobalSection(ExtensibilityGlobals) = postSolution
		SolutionGuid = {7BFAD9CB-34B2-4CC6-949D-E34A795066D5}
	EndGlobalSection
EndGlobal
